
Microsoft Visual Studio Solution File, Format Version 12.00
# Visual Studio Version 17
VisualStudioVersion = 17.3.32922.545
MinimumVisualStudioVersion = 10.0.40219.1
Project("{FAE04EC0-301F-11D3-BF4B-00C04F79EFBC}") = "dlya idey)", "dlya idey)\dlya idey).csproj", "{27464C57-2C4A-46AA-9F12-B6A24A0D860A}"
EndProject
Global
	GlobalSection(SolutionConfigurationPlatforms) = preSolution
		Debug|Any CPU = Debug|Any CPU
		Release|Any CPU = Release|Any CPU
	EndGlobalSection
	GlobalSection(ProjectConfigurationPlatforms) = postSolution
		{27464C57-2C4A-46AA-9F12-B6A24A0D860A}.Debug|Any CPU.ActiveCfg = Debug|Any CPU
		{27464C57-2C4A-46AA-9F12-B6A24A0D860A}.Debug|Any CPU.Build.0 = Debug|Any CPU
		{27464C57-2C4A-46AA-9F12-B6A24A0D860A}.Release|Any CPU.ActiveCfg = Release|Any CPU
		{27464C57-2C4A-46AA-9F12-B6A24A0D860A}.Release|Any CPU.Build.0 = Release|Any CPU
	EndGlobalSection
	GlobalSection(SolutionProperties) = preSolution
		HideSolutionNode = FALSE
	EndGlobalSection
	GlobalSection(ExtensibilityGlobals) = postSolution
		SolutionGuid = {AFBC0790-7183-49F5-B29F-8FDB9A32CA9E}
	EndGlobalSection
EndGlobal
